// !$*UTF8*$!
{
	archiveVersion = 1;
	classes = {
	};
	objectVersion = 50;
	objects = {

/* Begin PBXBuildFile section */
		214ACBBF2251D6DB00C7C14D /* RCTAliLiving.m in Sources */ = {isa = PBXBuildFile; fileRef = 214ACBBE2251D6DB00C7C14D /* RCTAliLiving.m */; };
		214ACBC02251D6DB00C7C14D /* RCTAliLiving.h in CopyFiles */ = {isa = PBXBuildFile; fileRef = 214ACBBD2251D6DB00C7C14D /* RCTAliLiving.h */; };
		214ACBE52251D74100C7C14D /* WebSocketClient.m in Sources */ = {isa = PBXBuildFile; fileRef = 214ACBC72251D74100C7C14D /* WebSocketClient.m */; };
		214ACBE62251D74100C7C14D /* FYSDK.m in Sources */ = {isa = PBXBuildFile; fileRef = 214ACBCB2251D74100C7C14D /* FYSDK.m */; };
		214ACBE72251D74100C7C14D /* IMSOpenAccount.m in Sources */ = {isa = PBXBuildFile; fileRef = 214ACBCE2251D74100C7C14D /* IMSOpenAccount.m */; };
		214ACBE82251D74100C7C14D /* IMSIotAuth.m in Sources */ = {isa = PBXBuildFile; fileRef = 214ACBCF2251D74100C7C14D /* IMSIotAuth.m */; };
		214ACBE92251D74100C7C14D /* RNSendToJsReact.m in Sources */ = {isa = PBXBuildFile; fileRef = 214ACBE12251D74100C7C14D /* RNSendToJsReact.m */; };
		214ACBEA2251D74100C7C14D /* IMSNetWorkServer.m in Sources */ = {isa = PBXBuildFile; fileRef = 214ACBE42251D74100C7C14D /* IMSNetWorkServer.m */; };
		C966522B9427EFCA0417E835 /* Pods_RCTAliLiving.framework in Frameworks */ = {isa = PBXBuildFile; fileRef = EF9CACC236611CCB5833FC72 /* Pods_RCTAliLiving.framework */; };
/* End PBXBuildFile section */

/* Begin PBXCopyFilesBuildPhase section */
		214ACBB82251D6DB00C7C14D /* CopyFiles */ = {
			isa = PBXCopyFilesBuildPhase;
			buildActionMask = 2147483647;
			dstPath = "include/$(PRODUCT_NAME)";
			dstSubfolderSpec = 16;
			files = (
				214ACBC02251D6DB00C7C14D /* RCTAliLiving.h in CopyFiles */,
			);
			runOnlyForDeploymentPostprocessing = 0;
		};
/* End PBXCopyFilesBuildPhase section */

/* Begin PBXFileReference section */
		214ACBBA2251D6DB00C7C14D /* libRCTAliLiving.a */ = {isa = PBXFileReference; explicitFileType = archive.ar; includeInIndex = 0; path = libRCTAliLiving.a; sourceTree = BUILT_PRODUCTS_DIR; };
		214ACBBD2251D6DB00C7C14D /* RCTAliLiving.h */ = {isa = PBXFileReference; lastKnownFileType = sourcecode.c.h; path = RCTAliLiving.h; sourceTree = "<group>"; };
		214ACBBE2251D6DB00C7C14D /* RCTAliLiving.m */ = {isa = PBXFileReference; lastKnownFileType = sourcecode.c.objc; path = RCTAliLiving.m; sourceTree = "<group>"; };
		214ACBC72251D74100C7C14D /* WebSocketClient.m */ = {isa = PBXFileReference; fileEncoding = 4; lastKnownFileType = sourcecode.c.objc; path = WebSocketClient.m; sourceTree = "<group>"; };
		214ACBC82251D74100C7C14D /* WebSocketClient.h */ = {isa = PBXFileReference; fileEncoding = 4; lastKnownFileType = sourcecode.c.h; path = WebSocketClient.h; sourceTree = "<group>"; };
		214ACBCB2251D74100C7C14D /* FYSDK.m */ = {isa = PBXFileReference; fileEncoding = 4; lastKnownFileType = sourcecode.c.objc; path = FYSDK.m; sourceTree = "<group>"; };
		214ACBCC2251D74100C7C14D /* FYSDK.h */ = {isa = PBXFileReference; fileEncoding = 4; lastKnownFileType = sourcecode.c.h; path = FYSDK.h; sourceTree = "<group>"; };
		214ACBCE2251D74100C7C14D /* IMSOpenAccount.m */ = {isa = PBXFileReference; fileEncoding = 4; lastKnownFileType = sourcecode.c.objc; path = IMSOpenAccount.m; sourceTree = "<group>"; };
		214ACBCF2251D74100C7C14D /* IMSIotAuth.m */ = {isa = PBXFileReference; fileEncoding = 4; lastKnownFileType = sourcecode.c.objc; path = IMSIotAuth.m; sourceTree = "<group>"; };
		214ACBD02251D74100C7C14D /* IMSOpenAccount.h */ = {isa = PBXFileReference; fileEncoding = 4; lastKnownFileType = sourcecode.c.h; path = IMSOpenAccount.h; sourceTree = "<group>"; };
		214ACBD22251D74100C7C14D /* ALBBOpenAccountLoginLogTableViewCell.xib */ = {isa = PBXFileReference; fileEncoding = 4; lastKnownFileType = file.xib; path = ALBBOpenAccountLoginLogTableViewCell.xib; sourceTree = "<group>"; };
		214ACBD32251D74100C7C14D /* ALBBOpenAccountOneStepRegisterVC.xib */ = {isa = PBXFileReference; fileEncoding = 4; lastKnownFileType = file.xib; path = ALBBOpenAccountOneStepRegisterVC.xib; sourceTree = "<group>"; };
		214ACBD42251D74100C7C14D /* ALBBOpenAccountUpdateMobileViewController.xib */ = {isa = PBXFileReference; fileEncoding = 4; lastKnownFileType = file.xib; path = ALBBOpenAccountUpdateMobileViewController.xib; sourceTree = "<group>"; };
		214ACBD52251D74100C7C14D /* ALBBOpenAccountRegisterViewController.xib */ = {isa = PBXFileReference; fileEncoding = 4; lastKnownFileType = file.xib; path = ALBBOpenAccountRegisterViewController.xib; sourceTree = "<group>"; };
		214ACBD62251D74100C7C14D /* ALBBOpenAccountFindPwdViewController.xib */ = {isa = PBXFileReference; fileEncoding = 4; lastKnownFileType = file.xib; path = ALBBOpenAccountFindPwdViewController.xib; sourceTree = "<group>"; };
		214ACBD72251D74100C7C14D /* ALBBOpenAccountSetPwdViewController.xib */ = {isa = PBXFileReference; fileEncoding = 4; lastKnownFileType = file.xib; path = ALBBOpenAccountSetPwdViewController.xib; sourceTree = "<group>"; };
		214ACBD82251D74100C7C14D /* ALBBOpenAccountLoginViewController.xib */ = {isa = PBXFileReference; fileEncoding = 4; lastKnownFileType = file.xib; path = ALBBOpenAccountLoginViewController.xib; sourceTree = "<group>"; };
		214ACBD92251D74100C7C14D /* ALBBOpenAccountCountryCodeViewController.xib */ = {isa = PBXFileReference; fileEncoding = 4; lastKnownFileType = file.xib; path = ALBBOpenAccountCountryCodeViewController.xib; sourceTree = "<group>"; };
		214ACBDA2251D74100C7C14D /* ALBBOpenAccountLoginNoPwdViewController.xib */ = {isa = PBXFileReference; fileEncoding = 4; lastKnownFileType = file.xib; path = ALBBOpenAccountLoginNoPwdViewController.xib; sourceTree = "<group>"; };
		214ACBDB2251D74100C7C14D /* ALBBOpenAccountLoginHistoryTableViewCell.xib */ = {isa = PBXFileReference; fileEncoding = 4; lastKnownFileType = file.xib; path = ALBBOpenAccountLoginHistoryTableViewCell.xib; sourceTree = "<group>"; };
		214ACBDC2251D74100C7C14D /* ALBBOpenAccountPreFindPwdViewController.xib */ = {isa = PBXFileReference; fileEncoding = 4; lastKnownFileType = file.xib; path = ALBBOpenAccountPreFindPwdViewController.xib; sourceTree = "<group>"; };
		214ACBDD2251D74100C7C14D /* ALBBOpenAccountResetPwdViewController.xib */ = {isa = PBXFileReference; fileEncoding = 4; lastKnownFileType = file.xib; path = ALBBOpenAccountResetPwdViewController.xib; sourceTree = "<group>"; };
		214ACBDE2251D74100C7C14D /* ALBBOpenAccountLoginLogViewController.xib */ = {isa = PBXFileReference; fileEncoding = 4; lastKnownFileType = file.xib; path = ALBBOpenAccountLoginLogViewController.xib; sourceTree = "<group>"; };
		214ACBDF2251D74100C7C14D /* IMSIotAuth.h */ = {isa = PBXFileReference; fileEncoding = 4; lastKnownFileType = sourcecode.c.h; path = IMSIotAuth.h; sourceTree = "<group>"; };
		214ACBE12251D74100C7C14D /* RNSendToJsReact.m */ = {isa = PBXFileReference; fileEncoding = 4; lastKnownFileType = sourcecode.c.objc; path = RNSendToJsReact.m; sourceTree = "<group>"; };
		214ACBE22251D74100C7C14D /* IMSNetWorkServer.h */ = {isa = PBXFileReference; fileEncoding = 4; lastKnownFileType = sourcecode.c.h; path = IMSNetWorkServer.h; sourceTree = "<group>"; };
		214ACBE32251D74100C7C14D /* RNSendToJsReact.h */ = {isa = PBXFileReference; fileEncoding = 4; lastKnownFileType = sourcecode.c.h; path = RNSendToJsReact.h; sourceTree = "<group>"; };
		214ACBE42251D74100C7C14D /* IMSNetWorkServer.m */ = {isa = PBXFileReference; fileEncoding = 4; lastKnownFileType = sourcecode.c.objc; path = IMSNetWorkServer.m; sourceTree = "<group>"; };
		C3F52D701BFD53D981AF4EEB /* Pods-RCTAliLiving.debug.xcconfig */ = {isa = PBXFileReference; includeInIndex = 1; lastKnownFileType = text.xcconfig; name = "Pods-RCTAliLiving.debug.xcconfig"; path = "Pods/Target Support Files/Pods-RCTAliLiving/Pods-RCTAliLiving.debug.xcconfig"; sourceTree = "<group>"; };
		EF9CACC236611CCB5833FC72 /* Pods_RCTAliLiving.framework */ = {isa = PBXFileReference; explicitFileType = wrapper.framework; includeInIndex = 0; path = Pods_RCTAliLiving.framework; sourceTree = BUILT_PRODUCTS_DIR; };
		FC105059FC89E0BB7852451E /* Pods-RCTAliLiving.release.xcconfig */ = {isa = PBXFileReference; includeInIndex = 1; lastKnownFileType = text.xcconfig; name = "Pods-RCTAliLiving.release.xcconfig"; path = "Pods/Target Support Files/Pods-RCTAliLiving/Pods-RCTAliLiving.release.xcconfig"; sourceTree = "<group>"; };
/* End PBXFileReference section */

/* Begin PBXFrameworksBuildPhase section */
		214ACBB72251D6DB00C7C14D /* Frameworks */ = {
			isa = PBXFrameworksBuildPhase;
			buildActionMask = 2147483647;
			files = (
				C966522B9427EFCA0417E835 /* Pods_RCTAliLiving.framework in Frameworks */,
			);
			runOnlyForDeploymentPostprocessing = 0;
		};
/* End PBXFrameworksBuildPhase section */

/* Begin PBXGroup section */
		214ACBB12251D6DB00C7C14D = {
			isa = PBXGroup;
			children = (
				214ACBBC2251D6DB00C7C14D /* RCTAliLiving */,
				214ACBBB2251D6DB00C7C14D /* Products */,
				4932A5F506C73EFF88973296 /* Pods */,
				B3288031A4B5BBECE92ED8DC /* Frameworks */,
			);
			sourceTree = "<group>";
		};
		214ACBBB2251D6DB00C7C14D /* Products */ = {
			isa = PBXGroup;
			children = (
				214ACBBA2251D6DB00C7C14D /* libRCTAliLiving.a */,
			);
			name = Products;
			sourceTree = "<group>";
		};
		214ACBBC2251D6DB00C7C14D /* RCTAliLiving */ = {
			isa = PBXGroup;
			children = (
				214ACBC92251D74100C7C14D /* Ali */,
				214ACBE02251D74100C7C14D /* Network */,
				214ACBC62251D74100C7C14D /* WebSocket */,
				214ACBBD2251D6DB00C7C14D /* RCTAliLiving.h */,
				214ACBBE2251D6DB00C7C14D /* RCTAliLiving.m */,
			);
			path = RCTAliLiving;
			sourceTree = "<group>";
		};
		214ACBC62251D74100C7C14D /* WebSocket */ = {
			isa = PBXGroup;
			children = (
				214ACBC72251D74100C7C14D /* WebSocketClient.m */,
				214ACBC82251D74100C7C14D /* WebSocketClient.h */,
			);
			path = WebSocket;
			sourceTree = "<group>";
		};
		214ACBC92251D74100C7C14D /* Ali */ = {
			isa = PBXGroup;
			children = (
				214ACBCA2251D74100C7C14D /* FYSDK */,
				214ACBCD2251D74100C7C14D /* Account */,
			);
			path = Ali;
			sourceTree = "<group>";
		};
		214ACBCA2251D74100C7C14D /* FYSDK */ = {
			isa = PBXGroup;
			children = (
				214ACBCB2251D74100C7C14D /* FYSDK.m */,
				214ACBCC2251D74100C7C14D /* FYSDK.h */,
			);
			path = FYSDK;
			sourceTree = "<group>";
		};
		214ACBCD2251D74100C7C14D /* Account */ = {
			isa = PBXGroup;
			children = (
				214ACBCE2251D74100C7C14D /* IMSOpenAccount.m */,
				214ACBCF2251D74100C7C14D /* IMSIotAuth.m */,
				214ACBD02251D74100C7C14D /* IMSOpenAccount.h */,
				214ACBD12251D74100C7C14D /* OpenAccount */,
				214ACBDF2251D74100C7C14D /* IMSIotAuth.h */,
			);
			path = Account;
			sourceTree = "<group>";
		};
		214ACBD12251D74100C7C14D /* OpenAccount */ = {
			isa = PBXGroup;
			children = (
				214ACBD22251D74100C7C14D /* ALBBOpenAccountLoginLogTableViewCell.xib */,
				214ACBD32251D74100C7C14D /* ALBBOpenAccountOneStepRegisterVC.xib */,
				214ACBD42251D74100C7C14D /* ALBBOpenAccountUpdateMobileViewController.xib */,
				214ACBD52251D74100C7C14D /* ALBBOpenAccountRegisterViewController.xib */,
				214ACBD62251D74100C7C14D /* ALBBOpenAccountFindPwdViewController.xib */,
				214ACBD72251D74100C7C14D /* ALBBOpenAccountSetPwdViewController.xib */,
				214ACBD82251D74100C7C14D /* ALBBOpenAccountLoginViewController.xib */,
				214ACBD92251D74100C7C14D /* ALBBOpenAccountCountryCodeViewController.xib */,
				214ACBDA2251D74100C7C14D /* ALBBOpenAccountLoginNoPwdViewController.xib */,
				214ACBDB2251D74100C7C14D /* ALBBOpenAccountLoginHistoryTableViewCell.xib */,
				214ACBDC2251D74100C7C14D /* ALBBOpenAccountPreFindPwdViewController.xib */,
				214ACBDD2251D74100C7C14D /* ALBBOpenAccountResetPwdViewController.xib */,
				214ACBDE2251D74100C7C14D /* ALBBOpenAccountLoginLogViewController.xib */,
			);
			path = OpenAccount;
			sourceTree = "<group>";
		};
		214ACBE02251D74100C7C14D /* Network */ = {
			isa = PBXGroup;
			children = (
				214ACBE12251D74100C7C14D /* RNSendToJsReact.m */,
				214ACBE22251D74100C7C14D /* IMSNetWorkServer.h */,
				214ACBE32251D74100C7C14D /* RNSendToJsReact.h */,
				214ACBE42251D74100C7C14D /* IMSNetWorkServer.m */,
			);
			path = Network;
			sourceTree = "<group>";
		};
		4932A5F506C73EFF88973296 /* Pods */ = {
			isa = PBXGroup;
			children = (
				C3F52D701BFD53D981AF4EEB /* Pods-RCTAliLiving.debug.xcconfig */,
				FC105059FC89E0BB7852451E /* Pods-RCTAliLiving.release.xcconfig */,
			);
			name = Pods;
			sourceTree = "<group>";
		};
		B3288031A4B5BBECE92ED8DC /* Frameworks */ = {
			isa = PBXGroup;
			children = (
				EF9CACC236611CCB5833FC72 /* Pods_RCTAliLiving.framework */,
			);
			name = Frameworks;
			sourceTree = "<group>";
		};
/* End PBXGroup section */

/* Begin PBXNativeTarget section */
		214ACBB92251D6DB00C7C14D /* RCTAliLiving */ = {
			isa = PBXNativeTarget;
			buildConfigurationList = 214ACBC32251D6DB00C7C14D /* Build configuration list for PBXNativeTarget "RCTAliLiving" */;
			buildPhases = (
				75C98BBC222DF375FEFD343A /* [CP] Check Pods Manifest.lock */,
				214ACBB62251D6DB00C7C14D /* Sources */,
				214ACBB72251D6DB00C7C14D /* Frameworks */,
				214ACBB82251D6DB00C7C14D /* CopyFiles */,
				E4DD5F10D270A8777DD15FAD /* [CP] Copy Pods Resources */,
			);
			buildRules = (
			);
			dependencies = (
			);
			name = RCTAliLiving;
			productName = RCTAliLiving;
			productReference = 214ACBBA2251D6DB00C7C14D /* libRCTAliLiving.a */;
			productType = "com.apple.product-type.library.static";
		};
/* End PBXNativeTarget section */

/* Begin PBXProject section */
		214ACBB22251D6DB00C7C14D /* Project object */ = {
			isa = PBXProject;
			attributes = {
				LastUpgradeCheck = 1010;
				ORGANIZATIONNAME = "初程程";
				TargetAttributes = {
					214ACBB92251D6DB00C7C14D = {
						CreatedOnToolsVersion = 10.1;
					};
				};
			};
			buildConfigurationList = 214ACBB52251D6DB00C7C14D /* Build configuration list for PBXProject "RCTAliLiving" */;
			compatibilityVersion = "Xcode 9.3";
			developmentRegion = en;
			hasScannedForEncodings = 0;
			knownRegions = (
				en,
			);
			mainGroup = 214ACBB12251D6DB00C7C14D;
			productRefGroup = 214ACBBB2251D6DB00C7C14D /* Products */;
			projectDirPath = "";
			projectRoot = "";
			targets = (
				214ACBB92251D6DB00C7C14D /* RCTAliLiving */,
			);
		};
/* End PBXProject section */

/* Begin PBXShellScriptBuildPhase section */
		75C98BBC222DF375FEFD343A /* [CP] Check Pods Manifest.lock */ = {
			isa = PBXShellScriptBuildPhase;
			buildActionMask = 2147483647;
			files = (
			);
			inputPaths = (
				"${PODS_PODFILE_DIR_PATH}/Podfile.lock",
				"${PODS_ROOT}/Manifest.lock",
			);
			name = "[CP] Check Pods Manifest.lock";
			outputPaths = (
				"$(DERIVED_FILE_DIR)/Pods-RCTAliLiving-checkManifestLockResult.txt",
			);
			runOnlyForDeploymentPostprocessing = 0;
			shellPath = /bin/sh;
			shellScript = "diff \"${PODS_PODFILE_DIR_PATH}/Podfile.lock\" \"${PODS_ROOT}/Manifest.lock\" > /dev/null\nif [ $? != 0 ] ; then\n    # print error to STDERR\n    echo \"error: The sandbox is not in sync with the Podfile.lock. Run 'pod install' or update your CocoaPods installation.\" >&2\n    exit 1\nfi\n# This output is used by Xcode 'outputs' to avoid re-running this script phase.\necho \"SUCCESS\" > \"${SCRIPT_OUTPUT_FILE_0}\"\n";
			showEnvVarsInLog = 0;
		};
		E4DD5F10D270A8777DD15FAD /* [CP] Copy Pods Resources */ = {
			isa = PBXShellScriptBuildPhase;
			buildActionMask = 2147483647;
			files = (
			);
			inputPaths = (
				"${SRCROOT}/Pods/Target Support Files/Pods-RCTAliLiving/Pods-RCTAliLiving-resources.sh",
				"${PODS_ROOT}/AlicloudALBBOpenAccount/openaccount/ALBBOpenAccountUI.framework/ALBBOpenAccount.bundle",
				"${PODS_ROOT}/IMSMobileChannel/IMSMobileChannel/AlinkIoTExpress.framework/cafile.bundle",
			);
			name = "[CP] Copy Pods Resources";
			outputPaths = (
				"${TARGET_BUILD_DIR}/${UNLOCALIZED_RESOURCES_FOLDER_PATH}/ALBBOpenAccount.bundle",
				"${TARGET_BUILD_DIR}/${UNLOCALIZED_RESOURCES_FOLDER_PATH}/cafile.bundle",
			);
			runOnlyForDeploymentPostprocessing = 0;
			shellPath = /bin/sh;
			shellScript = "\"${SRCROOT}/Pods/Target Support Files/Pods-RCTAliLiving/Pods-RCTAliLiving-resources.sh\"\n";
			showEnvVarsInLog = 0;
		};
/* End PBXShellScriptBuildPhase section */

/* Begin PBXSourcesBuildPhase section */
		214ACBB62251D6DB00C7C14D /* Sources */ = {
			isa = PBXSourcesBuildPhase;
			buildActionMask = 2147483647;
			files = (
				214ACBE62251D74100C7C14D /* FYSDK.m in Sources */,
				214ACBE52251D74100C7C14D /* WebSocketClient.m in Sources */,
				214ACBEA2251D74100C7C14D /* IMSNetWorkServer.m in Sources */,
				214ACBBF2251D6DB00C7C14D /* RCTAliLiving.m in Sources */,
				214ACBE92251D74100C7C14D /* RNSendToJsReact.m in Sources */,
				214ACBE82251D74100C7C14D /* IMSIotAuth.m in Sources */,
				214ACBE72251D74100C7C14D /* IMSOpenAccount.m in Sources */,
			);
			runOnlyForDeploymentPostprocessing = 0;
		};
/* End PBXSourcesBuildPhase section */

/* Begin XCBuildConfiguration section */
		214ACBC12251D6DB00C7C14D /* Debug */ = {
			isa = XCBuildConfiguration;
			buildSettings = {
				ALWAYS_SEARCH_USER_PATHS = NO;
				CLANG_ANALYZER_NONNULL = YES;
				CLANG_ANALYZER_NUMBER_OBJECT_CONVERSION = YES_AGGRESSIVE;
				CLANG_CXX_LANGUAGE_STANDARD = "gnu++14";
				CLANG_CXX_LIBRARY = "libc++";
				CLANG_ENABLE_MODULES = YES;
				CLANG_ENABLE_OBJC_ARC = YES;
				CLANG_ENABLE_OBJC_WEAK = YES;
				CLANG_WARN_BLOCK_CAPTURE_AUTORELEASING = YES;
				CLANG_WARN_BOOL_CONVERSION = YES;
				CLANG_WARN_COMMA = YES;
				CLANG_WARN_CONSTANT_CONVERSION = YES;
				CLANG_WARN_DEPRECATED_OBJC_IMPLEMENTATIONS = YES;
				CLANG_WARN_DIRECT_OBJC_ISA_USAGE = YES_ERROR;
				CLANG_WARN_DOCUMENTATION_COMMENTS = YES;
				CLANG_WARN_EMPTY_BODY = YES;
				CLANG_WARN_ENUM_CONVERSION = YES;
				CLANG_WARN_INFINITE_RECURSION = YES;
				CLANG_WARN_INT_CONVERSION = YES;
				CLANG_WARN_NON_LITERAL_NULL_CONVERSION = YES;
				CLANG_WARN_OBJC_IMPLICIT_RETAIN_SELF = YES;
				CLANG_WARN_OBJC_LITERAL_CONVERSION = YES;
				CLANG_WARN_OBJC_ROOT_CLASS = YES_ERROR;
				CLANG_WARN_RANGE_LOOP_ANALYSIS = YES;
				CLANG_WARN_STRICT_PROTOTYPES = YES;
				CLANG_WARN_SUSPICIOUS_MOVE = YES;
				CLANG_WARN_UNGUARDED_AVAILABILITY = YES_AGGRESSIVE;
				CLANG_WARN_UNREACHABLE_CODE = YES;
				CLANG_WARN__DUPLICATE_METHOD_MATCH = YES;
				CODE_SIGN_IDENTITY = "iPhone Developer";
				COPY_PHASE_STRIP = NO;
				DEBUG_INFORMATION_FORMAT = dwarf;
				ENABLE_STRICT_OBJC_MSGSEND = YES;
				ENABLE_TESTABILITY = YES;
				GCC_C_LANGUAGE_STANDARD = gnu11;
				GCC_DYNAMIC_NO_PIC = NO;
				GCC_NO_COMMON_BLOCKS = YES;
				GCC_OPTIMIZATION_LEVEL = 0;
				GCC_PREPROCESSOR_DEFINITIONS = (
					"DEBUG=1",
					"$(inherited)",
				);
				GCC_WARN_64_TO_32_BIT_CONVERSION = YES;
				GCC_WARN_ABOUT_RETURN_TYPE = YES_ERROR;
				GCC_WARN_UNDECLARED_SELECTOR = YES;
				GCC_WARN_UNINITIALIZED_AUTOS = YES_AGGRESSIVE;
				GCC_WARN_UNUSED_FUNCTION = YES;
				GCC_WARN_UNUSED_VARIABLE = YES;
				IPHONEOS_DEPLOYMENT_TARGET = 12.1;
				MTL_ENABLE_DEBUG_INFO = INCLUDE_SOURCE;
				MTL_FAST_MATH = YES;
				ONLY_ACTIVE_ARCH = YES;
				SDKROOT = iphoneos;
			};
			name = Debug;
		};
		214ACBC22251D6DB00C7C14D /* Release */ = {
			isa = XCBuildConfiguration;
			buildSettings = {
				ALWAYS_SEARCH_USER_PATHS = NO;
				CLANG_ANALYZER_NONNULL = YES;
				CLANG_ANALYZER_NUMBER_OBJECT_CONVERSION = YES_AGGRESSIVE;
				CLANG_CXX_LANGUAGE_STANDARD = "gnu++14";
				CLANG_CXX_LIBRARY = "libc++";
				CLANG_ENABLE_MODULES = YES;
				CLANG_ENABLE_OBJC_ARC = YES;
				CLANG_ENABLE_OBJC_WEAK = YES;
				CLANG_WARN_BLOCK_CAPTURE_AUTORELEASING = YES;
				CLANG_WARN_BOOL_CONVERSION = YES;
				CLANG_WARN_COMMA = YES;
				CLANG_WARN_CONSTANT_CONVERSION = YES;
				CLANG_WARN_DEPRECATED_OBJC_IMPLEMENTATIONS = YES;
				CLANG_WARN_DIRECT_OBJC_ISA_USAGE = YES_ERROR;
				CLANG_WARN_DOCUMENTATION_COMMENTS = YES;
				CLANG_WARN_EMPTY_BODY = YES;
				CLANG_WARN_ENUM_CONVERSION = YES;
				CLANG_WARN_INFINITE_RECURSION = YES;
				CLANG_WARN_INT_CONVERSION = YES;
				CLANG_WARN_NON_LITERAL_NULL_CONVERSION = YES;
				CLANG_WARN_OBJC_IMPLICIT_RETAIN_SELF = YES;
				CLANG_WARN_OBJC_LITERAL_CONVERSION = YES;
				CLANG_WARN_OBJC_ROOT_CLASS = YES_ERROR;
				CLANG_WARN_RANGE_LOOP_ANALYSIS = YES;
				CLANG_WARN_STRICT_PROTOTYPES = YES;
				CLANG_WARN_SUSPICIOUS_MOVE = YES;
				CLANG_WARN_UNGUARDED_AVAILABILITY = YES_AGGRESSIVE;
				CLANG_WARN_UNREACHABLE_CODE = YES;
				CLANG_WARN__DUPLICATE_METHOD_MATCH = YES;
				CODE_SIGN_IDENTITY = "iPhone Developer";
				COPY_PHASE_STRIP = NO;
				DEBUG_INFORMATION_FORMAT = "dwarf-with-dsym";
				ENABLE_NS_ASSERTIONS = NO;
				ENABLE_STRICT_OBJC_MSGSEND = YES;
				GCC_C_LANGUAGE_STANDARD = gnu11;
				GCC_NO_COMMON_BLOCKS = YES;
				GCC_WARN_64_TO_32_BIT_CONVERSION = YES;
				GCC_WARN_ABOUT_RETURN_TYPE = YES_ERROR;
				GCC_WARN_UNDECLARED_SELECTOR = YES;
				GCC_WARN_UNINITIALIZED_AUTOS = YES_AGGRESSIVE;
				GCC_WARN_UNUSED_FUNCTION = YES;
				GCC_WARN_UNUSED_VARIABLE = YES;
				IPHONEOS_DEPLOYMENT_TARGET = 12.1;
				MTL_ENABLE_DEBUG_INFO = NO;
				MTL_FAST_MATH = YES;
				SDKROOT = iphoneos;
				VALIDATE_PRODUCT = YES;
			};
			name = Release;
		};
		214ACBC42251D6DB00C7C14D /* Debug */ = {
			isa = XCBuildConfiguration;
			baseConfigurationReference = C3F52D701BFD53D981AF4EEB /* Pods-RCTAliLiving.debug.xcconfig */;
			buildSettings = {
				CODE_SIGN_STYLE = Automatic;
				DEVELOPMENT_TEAM = GHVQG48H4A;
				OTHER_LDFLAGS = "-ObjC";
				PRODUCT_NAME = "$(TARGET_NAME)";
				SKIP_INSTALL = YES;
				TARGETED_DEVICE_FAMILY = "1,2";
			};
			name = Debug;
		};
		214ACBC52251D6DB00C7C14D /* Release */ = {
			isa = XCBuildConfiguration;
			baseConfigurationReference = FC105059FC89E0BB7852451E /* Pods-RCTAliLiving.release.xcconfig */;
			buildSettings = {
				CODE_SIGN_STYLE = Automatic;
				DEVELOPMENT_TEAM = GHVQG48H4A;
				OTHER_LDFLAGS = "-ObjC";
				PRODUCT_NAME = "$(TARGET_NAME)";
				SKIP_INSTALL = YES;
				TARGETED_DEVICE_FAMILY = "1,2";
			};
			name = Release;
		};
/* End XCBuildConfiguration section */

/* Begin XCConfigurationList section */
		214ACBB52251D6DB00C7C14D /* Build configuration list for PBXProject "RCTAliLiving" */ = {
			isa = XCConfigurationList;
			buildConfigurations = (
				214ACBC12251D6DB00C7C14D /* Debug */,
				214ACBC22251D6DB00C7C14D /* Release */,
			);
			defaultConfigurationIsVisible = 0;
			defaultConfigurationName = Release;
		};
		214ACBC32251D6DB00C7C14D /* Build configuration list for PBXNativeTarget "RCTAliLiving" */ = {
			isa = XCConfigurationList;
			buildConfigurations = (
				214ACBC42251D6DB00C7C14D /* Debug */,
				214ACBC52251D6DB00C7C14D /* Release */,
			);
			defaultConfigurationIsVisible = 0;
			defaultConfigurationName = Release;
		};
/* End XCConfigurationList section */
	};
	rootObject = 214ACBB22251D6DB00C7C14D /* Project object */;
}
