// !$*UTF8*$!
{
	archiveVersion = 1;
	classes = {
	};
	objectVersion = 48;
	objects = {

/* Begin PBXBuildFile section */
		214ACB2A2251A67000C7C14D /* WebSocketClient.m in Sources */ = {isa = PBXBuildFile; fileRef = 214ACB0C2251A67000C7C14D /* WebSocketClient.m */; };
		214ACB2B2251A67000C7C14D /* RNSendToJsReact.m in Sources */ = {isa = PBXBuildFile; fileRef = 214ACB0F2251A67000C7C14D /* RNSendToJsReact.m */; };
		214ACB2C2251A67000C7C14D /* IMSNetWorkServer.m in Sources */ = {isa = PBXBuildFile; fileRef = 214ACB122251A67000C7C14D /* IMSNetWorkServer.m */; };
		214ACB2D2251A67000C7C14D /* FYSDK.m in Sources */ = {isa = PBXBuildFile; fileRef = 214ACB152251A67000C7C14D /* FYSDK.m */; };
		214ACB2E2251A67000C7C14D /* IMSOpenAccount.m in Sources */ = {isa = PBXBuildFile; fileRef = 214ACB182251A67000C7C14D /* IMSOpenAccount.m */; };
		214ACB2F2251A67000C7C14D /* IMSIotAuth.m in Sources */ = {isa = PBXBuildFile; fileRef = 214ACB192251A67000C7C14D /* IMSIotAuth.m */; };
		214ACB4C2251A75500C7C14D /* RCTAliLiving.m in Sources */ = {isa = PBXBuildFile; fileRef = 214ACB4B2251A75500C7C14D /* RCTAliLiving.m */; };
/* End PBXBuildFile section */

/* Begin PBXCopyFilesBuildPhase section */
		218CD0B2213000D900784014 /* CopyFiles */ = {
			isa = PBXCopyFilesBuildPhase;
			buildActionMask = 2147483647;
			dstPath = "include/$(PRODUCT_NAME)";
			dstSubfolderSpec = 16;
			files = (
			);
			runOnlyForDeploymentPostprocessing = 0;
		};
/* End PBXCopyFilesBuildPhase section */

/* Begin PBXFileReference section */
		214ACB0C2251A67000C7C14D /* WebSocketClient.m */ = {isa = PBXFileReference; fileEncoding = 4; lastKnownFileType = sourcecode.c.objc; path = WebSocketClient.m; sourceTree = "<group>"; };
		214ACB0D2251A67000C7C14D /* WebSocketClient.h */ = {isa = PBXFileReference; fileEncoding = 4; lastKnownFileType = sourcecode.c.h; path = WebSocketClient.h; sourceTree = "<group>"; };
		214ACB0F2251A67000C7C14D /* RNSendToJsReact.m */ = {isa = PBXFileReference; fileEncoding = 4; lastKnownFileType = sourcecode.c.objc; path = RNSendToJsReact.m; sourceTree = "<group>"; };
		214ACB102251A67000C7C14D /* IMSNetWorkServer.h */ = {isa = PBXFileReference; fileEncoding = 4; lastKnownFileType = sourcecode.c.h; path = IMSNetWorkServer.h; sourceTree = "<group>"; };
		214ACB112251A67000C7C14D /* RNSendToJsReact.h */ = {isa = PBXFileReference; fileEncoding = 4; lastKnownFileType = sourcecode.c.h; path = RNSendToJsReact.h; sourceTree = "<group>"; };
		214ACB122251A67000C7C14D /* IMSNetWorkServer.m */ = {isa = PBXFileReference; fileEncoding = 4; lastKnownFileType = sourcecode.c.objc; path = IMSNetWorkServer.m; sourceTree = "<group>"; };
		214ACB152251A67000C7C14D /* FYSDK.m */ = {isa = PBXFileReference; fileEncoding = 4; lastKnownFileType = sourcecode.c.objc; path = FYSDK.m; sourceTree = "<group>"; };
		214ACB162251A67000C7C14D /* FYSDK.h */ = {isa = PBXFileReference; fileEncoding = 4; lastKnownFileType = sourcecode.c.h; path = FYSDK.h; sourceTree = "<group>"; };
		214ACB182251A67000C7C14D /* IMSOpenAccount.m */ = {isa = PBXFileReference; fileEncoding = 4; lastKnownFileType = sourcecode.c.objc; path = IMSOpenAccount.m; sourceTree = "<group>"; };
		214ACB192251A67000C7C14D /* IMSIotAuth.m */ = {isa = PBXFileReference; fileEncoding = 4; lastKnownFileType = sourcecode.c.objc; path = IMSIotAuth.m; sourceTree = "<group>"; };
		214ACB1A2251A67000C7C14D /* IMSOpenAccount.h */ = {isa = PBXFileReference; fileEncoding = 4; lastKnownFileType = sourcecode.c.h; path = IMSOpenAccount.h; sourceTree = "<group>"; };
		214ACB1C2251A67000C7C14D /* ALBBOpenAccountLoginLogTableViewCell.xib */ = {isa = PBXFileReference; fileEncoding = 4; lastKnownFileType = file.xib; path = ALBBOpenAccountLoginLogTableViewCell.xib; sourceTree = "<group>"; };
		214ACB1D2251A67000C7C14D /* ALBBOpenAccountOneStepRegisterVC.xib */ = {isa = PBXFileReference; fileEncoding = 4; lastKnownFileType = file.xib; path = ALBBOpenAccountOneStepRegisterVC.xib; sourceTree = "<group>"; };
		214ACB1E2251A67000C7C14D /* ALBBOpenAccountUpdateMobileViewController.xib */ = {isa = PBXFileReference; fileEncoding = 4; lastKnownFileType = file.xib; path = ALBBOpenAccountUpdateMobileViewController.xib; sourceTree = "<group>"; };
		214ACB1F2251A67000C7C14D /* ALBBOpenAccountRegisterViewController.xib */ = {isa = PBXFileReference; fileEncoding = 4; lastKnownFileType = file.xib; path = ALBBOpenAccountRegisterViewController.xib; sourceTree = "<group>"; };
		214ACB202251A67000C7C14D /* ALBBOpenAccountFindPwdViewController.xib */ = {isa = PBXFileReference; fileEncoding = 4; lastKnownFileType = file.xib; path = ALBBOpenAccountFindPwdViewController.xib; sourceTree = "<group>"; };
		214ACB212251A67000C7C14D /* ALBBOpenAccountSetPwdViewController.xib */ = {isa = PBXFileReference; fileEncoding = 4; lastKnownFileType = file.xib; path = ALBBOpenAccountSetPwdViewController.xib; sourceTree = "<group>"; };
		214ACB222251A67000C7C14D /* ALBBOpenAccountLoginViewController.xib */ = {isa = PBXFileReference; fileEncoding = 4; lastKnownFileType = file.xib; path = ALBBOpenAccountLoginViewController.xib; sourceTree = "<group>"; };
		214ACB232251A67000C7C14D /* ALBBOpenAccountCountryCodeViewController.xib */ = {isa = PBXFileReference; fileEncoding = 4; lastKnownFileType = file.xib; path = ALBBOpenAccountCountryCodeViewController.xib; sourceTree = "<group>"; };
		214ACB242251A67000C7C14D /* ALBBOpenAccountLoginNoPwdViewController.xib */ = {isa = PBXFileReference; fileEncoding = 4; lastKnownFileType = file.xib; path = ALBBOpenAccountLoginNoPwdViewController.xib; sourceTree = "<group>"; };
		214ACB252251A67000C7C14D /* ALBBOpenAccountLoginHistoryTableViewCell.xib */ = {isa = PBXFileReference; fileEncoding = 4; lastKnownFileType = file.xib; path = ALBBOpenAccountLoginHistoryTableViewCell.xib; sourceTree = "<group>"; };
		214ACB262251A67000C7C14D /* ALBBOpenAccountPreFindPwdViewController.xib */ = {isa = PBXFileReference; fileEncoding = 4; lastKnownFileType = file.xib; path = ALBBOpenAccountPreFindPwdViewController.xib; sourceTree = "<group>"; };
		214ACB272251A67000C7C14D /* ALBBOpenAccountResetPwdViewController.xib */ = {isa = PBXFileReference; fileEncoding = 4; lastKnownFileType = file.xib; path = ALBBOpenAccountResetPwdViewController.xib; sourceTree = "<group>"; };
		214ACB282251A67000C7C14D /* ALBBOpenAccountLoginLogViewController.xib */ = {isa = PBXFileReference; fileEncoding = 4; lastKnownFileType = file.xib; path = ALBBOpenAccountLoginLogViewController.xib; sourceTree = "<group>"; };
		214ACB292251A67000C7C14D /* IMSIotAuth.h */ = {isa = PBXFileReference; fileEncoding = 4; lastKnownFileType = sourcecode.c.h; path = IMSIotAuth.h; sourceTree = "<group>"; };
		214ACB4A2251A75500C7C14D /* RCTAliLiving.h */ = {isa = PBXFileReference; lastKnownFileType = sourcecode.c.h; path = RCTAliLiving.h; sourceTree = "<group>"; };
		214ACB4B2251A75500C7C14D /* RCTAliLiving.m */ = {isa = PBXFileReference; lastKnownFileType = sourcecode.c.objc; path = RCTAliLiving.m; sourceTree = "<group>"; };
		218CD0B4213000D900784014 /* libNativePlugin.a */ = {isa = PBXFileReference; explicitFileType = archive.ar; includeInIndex = 0; path = libNativePlugin.a; sourceTree = BUILT_PRODUCTS_DIR; };
/* End PBXFileReference section */

/* Begin PBXFrameworksBuildPhase section */
		218CD0B1213000D900784014 /* Frameworks */ = {
			isa = PBXFrameworksBuildPhase;
			buildActionMask = 2147483647;
			files = (
			);
			runOnlyForDeploymentPostprocessing = 0;
		};
/* End PBXFrameworksBuildPhase section */

/* Begin PBXGroup section */
		214ACB0B2251A67000C7C14D /* WebSocket */ = {
			isa = PBXGroup;
			children = (
				214ACB0C2251A67000C7C14D /* WebSocketClient.m */,
				214ACB0D2251A67000C7C14D /* WebSocketClient.h */,
			);
			path = WebSocket;
			sourceTree = "<group>";
		};
		214ACB0E2251A67000C7C14D /* Network */ = {
			isa = PBXGroup;
			children = (
				214ACB0F2251A67000C7C14D /* RNSendToJsReact.m */,
				214ACB102251A67000C7C14D /* IMSNetWorkServer.h */,
				214ACB112251A67000C7C14D /* RNSendToJsReact.h */,
				214ACB122251A67000C7C14D /* IMSNetWorkServer.m */,
			);
			path = Network;
			sourceTree = "<group>";
		};
		214ACB132251A67000C7C14D /* Ali */ = {
			isa = PBXGroup;
			children = (
				214ACB142251A67000C7C14D /* FYSDK */,
				214ACB172251A67000C7C14D /* Account */,
			);
			path = Ali;
			sourceTree = "<group>";
		};
		214ACB142251A67000C7C14D /* FYSDK */ = {
			isa = PBXGroup;
			children = (
				214ACB152251A67000C7C14D /* FYSDK.m */,
				214ACB162251A67000C7C14D /* FYSDK.h */,
			);
			path = FYSDK;
			sourceTree = "<group>";
		};
		214ACB172251A67000C7C14D /* Account */ = {
			isa = PBXGroup;
			children = (
				214ACB182251A67000C7C14D /* IMSOpenAccount.m */,
				214ACB192251A67000C7C14D /* IMSIotAuth.m */,
				214ACB1A2251A67000C7C14D /* IMSOpenAccount.h */,
				214ACB1B2251A67000C7C14D /* OpenAccount */,
				214ACB292251A67000C7C14D /* IMSIotAuth.h */,
			);
			path = Account;
			sourceTree = "<group>";
		};
		214ACB1B2251A67000C7C14D /* OpenAccount */ = {
			isa = PBXGroup;
			children = (
				214ACB1C2251A67000C7C14D /* ALBBOpenAccountLoginLogTableViewCell.xib */,
				214ACB1D2251A67000C7C14D /* ALBBOpenAccountOneStepRegisterVC.xib */,
				214ACB1E2251A67000C7C14D /* ALBBOpenAccountUpdateMobileViewController.xib */,
				214ACB1F2251A67000C7C14D /* ALBBOpenAccountRegisterViewController.xib */,
				214ACB202251A67000C7C14D /* ALBBOpenAccountFindPwdViewController.xib */,
				214ACB212251A67000C7C14D /* ALBBOpenAccountSetPwdViewController.xib */,
				214ACB222251A67000C7C14D /* ALBBOpenAccountLoginViewController.xib */,
				214ACB232251A67000C7C14D /* ALBBOpenAccountCountryCodeViewController.xib */,
				214ACB242251A67000C7C14D /* ALBBOpenAccountLoginNoPwdViewController.xib */,
				214ACB252251A67000C7C14D /* ALBBOpenAccountLoginHistoryTableViewCell.xib */,
				214ACB262251A67000C7C14D /* ALBBOpenAccountPreFindPwdViewController.xib */,
				214ACB272251A67000C7C14D /* ALBBOpenAccountResetPwdViewController.xib */,
				214ACB282251A67000C7C14D /* ALBBOpenAccountLoginLogViewController.xib */,
			);
			path = OpenAccount;
			sourceTree = "<group>";
		};
		218CD0AB213000D900784014 = {
			isa = PBXGroup;
			children = (
				218CD0B6213000D900784014 /* NativePlugin */,
				218CD0B5213000D900784014 /* Products */,
			);
			sourceTree = "<group>";
		};
		218CD0B5213000D900784014 /* Products */ = {
			isa = PBXGroup;
			children = (
				218CD0B4213000D900784014 /* libNativePlugin.a */,
			);
			name = Products;
			sourceTree = "<group>";
		};
		218CD0B6213000D900784014 /* NativePlugin */ = {
			isa = PBXGroup;
			children = (
				214ACB132251A67000C7C14D /* Ali */,
				214ACB0E2251A67000C7C14D /* Network */,
				214ACB0B2251A67000C7C14D /* WebSocket */,
				214ACB4A2251A75500C7C14D /* RCTAliLiving.h */,
				214ACB4B2251A75500C7C14D /* RCTAliLiving.m */,
			);
			path = NativePlugin;
			sourceTree = "<group>";
		};
/* End PBXGroup section */

/* Begin PBXNativeTarget section */
		218CD0B3213000D900784014 /* NativePlugin */ = {
			isa = PBXNativeTarget;
			buildConfigurationList = 218CD0BD213000D900784014 /* Build configuration list for PBXNativeTarget "NativePlugin" */;
			buildPhases = (
				218CD0B0213000D900784014 /* Sources */,
				218CD0B1213000D900784014 /* Frameworks */,
				218CD0B2213000D900784014 /* CopyFiles */,
			);
			buildRules = (
			);
			dependencies = (
			);
			name = NativePlugin;
			productName = NativePlugin;
			productReference = 218CD0B4213000D900784014 /* libNativePlugin.a */;
			productType = "com.apple.product-type.library.static";
		};
/* End PBXNativeTarget section */

/* Begin PBXProject section */
		218CD0AC213000D900784014 /* Project object */ = {
			isa = PBXProject;
			attributes = {
				LastUpgradeCheck = 0920;
				ORGANIZATIONNAME = "初程程";
				TargetAttributes = {
					218CD0B3213000D900784014 = {
						CreatedOnToolsVersion = 9.2;
						ProvisioningStyle = Automatic;
					};
				};
			};
			buildConfigurationList = 218CD0AF213000D900784014 /* Build configuration list for PBXProject "NativePlugin" */;
			compatibilityVersion = "Xcode 8.0";
			developmentRegion = en;
			hasScannedForEncodings = 0;
			knownRegions = (
				en,
			);
			mainGroup = 218CD0AB213000D900784014;
			productRefGroup = 218CD0B5213000D900784014 /* Products */;
			projectDirPath = "";
			projectRoot = "";
			targets = (
				218CD0B3213000D900784014 /* NativePlugin */,
			);
		};
/* End PBXProject section */

/* Begin PBXSourcesBuildPhase section */
		218CD0B0213000D900784014 /* Sources */ = {
			isa = PBXSourcesBuildPhase;
			buildActionMask = 2147483647;
			files = (
				214ACB2B2251A67000C7C14D /* RNSendToJsReact.m in Sources */,
				214ACB2F2251A67000C7C14D /* IMSIotAuth.m in Sources */,
				214ACB2E2251A67000C7C14D /* IMSOpenAccount.m in Sources */,
				214ACB4C2251A75500C7C14D /* RCTAliLiving.m in Sources */,
				214ACB2A2251A67000C7C14D /* WebSocketClient.m in Sources */,
				214ACB2C2251A67000C7C14D /* IMSNetWorkServer.m in Sources */,
				214ACB2D2251A67000C7C14D /* FYSDK.m in Sources */,
			);
			runOnlyForDeploymentPostprocessing = 0;
		};
/* End PBXSourcesBuildPhase section */

/* Begin XCBuildConfiguration section */
		218CD0BB213000D900784014 /* Debug */ = {
			isa = XCBuildConfiguration;
			buildSettings = {
				ALWAYS_SEARCH_USER_PATHS = NO;
				CLANG_ANALYZER_NONNULL = YES;
				CLANG_ANALYZER_NUMBER_OBJECT_CONVERSION = YES_AGGRESSIVE;
				CLANG_CXX_LANGUAGE_STANDARD = "gnu++14";
				CLANG_CXX_LIBRARY = "libc++";
				CLANG_ENABLE_MODULES = YES;
				CLANG_ENABLE_OBJC_ARC = YES;
				CLANG_WARN_BLOCK_CAPTURE_AUTORELEASING = YES;
				CLANG_WARN_BOOL_CONVERSION = YES;
				CLANG_WARN_COMMA = YES;
				CLANG_WARN_CONSTANT_CONVERSION = YES;
				CLANG_WARN_DIRECT_OBJC_ISA_USAGE = YES_ERROR;
				CLANG_WARN_DOCUMENTATION_COMMENTS = YES;
				CLANG_WARN_EMPTY_BODY = YES;
				CLANG_WARN_ENUM_CONVERSION = YES;
				CLANG_WARN_INFINITE_RECURSION = YES;
				CLANG_WARN_INT_CONVERSION = YES;
				CLANG_WARN_NON_LITERAL_NULL_CONVERSION = YES;
				CLANG_WARN_OBJC_LITERAL_CONVERSION = YES;
				CLANG_WARN_OBJC_ROOT_CLASS = YES_ERROR;
				CLANG_WARN_RANGE_LOOP_ANALYSIS = YES;
				CLANG_WARN_STRICT_PROTOTYPES = YES;
				CLANG_WARN_SUSPICIOUS_MOVE = YES;
				CLANG_WARN_UNGUARDED_AVAILABILITY = YES_AGGRESSIVE;
				CLANG_WARN_UNREACHABLE_CODE = YES;
				CLANG_WARN__DUPLICATE_METHOD_MATCH = YES;
				CODE_SIGN_IDENTITY = "iPhone Developer";
				COPY_PHASE_STRIP = NO;
				DEBUG_INFORMATION_FORMAT = dwarf;
				ENABLE_STRICT_OBJC_MSGSEND = YES;
				ENABLE_TESTABILITY = YES;
				GCC_C_LANGUAGE_STANDARD = gnu11;
				GCC_DYNAMIC_NO_PIC = NO;
				GCC_NO_COMMON_BLOCKS = YES;
				GCC_OPTIMIZATION_LEVEL = 0;
				GCC_PREPROCESSOR_DEFINITIONS = (
					"DEBUG=1",
					"$(inherited)",
				);
				GCC_WARN_64_TO_32_BIT_CONVERSION = YES;
				GCC_WARN_ABOUT_RETURN_TYPE = YES_ERROR;
				GCC_WARN_UNDECLARED_SELECTOR = YES;
				GCC_WARN_UNINITIALIZED_AUTOS = YES_AGGRESSIVE;
				GCC_WARN_UNUSED_FUNCTION = YES;
				GCC_WARN_UNUSED_VARIABLE = YES;
				IPHONEOS_DEPLOYMENT_TARGET = 11.2;
				MTL_ENABLE_DEBUG_INFO = YES;
				ONLY_ACTIVE_ARCH = YES;
				SDKROOT = iphoneos;
			};
			name = Debug;
		};
		218CD0BC213000D900784014 /* Release */ = {
			isa = XCBuildConfiguration;
			buildSettings = {
				ALWAYS_SEARCH_USER_PATHS = NO;
				CLANG_ANALYZER_NONNULL = YES;
				CLANG_ANALYZER_NUMBER_OBJECT_CONVERSION = YES_AGGRESSIVE;
				CLANG_CXX_LANGUAGE_STANDARD = "gnu++14";
				CLANG_CXX_LIBRARY = "libc++";
				CLANG_ENABLE_MODULES = YES;
				CLANG_ENABLE_OBJC_ARC = YES;
				CLANG_WARN_BLOCK_CAPTURE_AUTORELEASING = YES;
				CLANG_WARN_BOOL_CONVERSION = YES;
				CLANG_WARN_COMMA = YES;
				CLANG_WARN_CONSTANT_CONVERSION = YES;
				CLANG_WARN_DIRECT_OBJC_ISA_USAGE = YES_ERROR;
				CLANG_WARN_DOCUMENTATION_COMMENTS = YES;
				CLANG_WARN_EMPTY_BODY = YES;
				CLANG_WARN_ENUM_CONVERSION = YES;
				CLANG_WARN_INFINITE_RECURSION = YES;
				CLANG_WARN_INT_CONVERSION = YES;
				CLANG_WARN_NON_LITERAL_NULL_CONVERSION = YES;
				CLANG_WARN_OBJC_LITERAL_CONVERSION = YES;
				CLANG_WARN_OBJC_ROOT_CLASS = YES_ERROR;
				CLANG_WARN_RANGE_LOOP_ANALYSIS = YES;
				CLANG_WARN_STRICT_PROTOTYPES = YES;
				CLANG_WARN_SUSPICIOUS_MOVE = YES;
				CLANG_WARN_UNGUARDED_AVAILABILITY = YES_AGGRESSIVE;
				CLANG_WARN_UNREACHABLE_CODE = YES;
				CLANG_WARN__DUPLICATE_METHOD_MATCH = YES;
				CODE_SIGN_IDENTITY = "iPhone Developer";
				COPY_PHASE_STRIP = NO;
				DEBUG_INFORMATION_FORMAT = "dwarf-with-dsym";
				ENABLE_NS_ASSERTIONS = NO;
				ENABLE_STRICT_OBJC_MSGSEND = YES;
				GCC_C_LANGUAGE_STANDARD = gnu11;
				GCC_NO_COMMON_BLOCKS = YES;
				GCC_WARN_64_TO_32_BIT_CONVERSION = YES;
				GCC_WARN_ABOUT_RETURN_TYPE = YES_ERROR;
				GCC_WARN_UNDECLARED_SELECTOR = YES;
				GCC_WARN_UNINITIALIZED_AUTOS = YES_AGGRESSIVE;
				GCC_WARN_UNUSED_FUNCTION = YES;
				GCC_WARN_UNUSED_VARIABLE = YES;
				IPHONEOS_DEPLOYMENT_TARGET = 11.2;
				MTL_ENABLE_DEBUG_INFO = NO;
				SDKROOT = iphoneos;
				VALIDATE_PRODUCT = YES;
			};
			name = Release;
		};
		218CD0BE213000D900784014 /* Debug */ = {
			isa = XCBuildConfiguration;
			buildSettings = {
				CODE_SIGN_STYLE = Automatic;
				DEVELOPMENT_TEAM = GHVQG48H4A;
				OTHER_LDFLAGS = "-ObjC";
				PRODUCT_NAME = "$(TARGET_NAME)";
				SKIP_INSTALL = YES;
				TARGETED_DEVICE_FAMILY = "1,2";
			};
			name = Debug;
		};
		218CD0BF213000D900784014 /* Release */ = {
			isa = XCBuildConfiguration;
			buildSettings = {
				CODE_SIGN_STYLE = Automatic;
				DEVELOPMENT_TEAM = GHVQG48H4A;
				OTHER_LDFLAGS = "-ObjC";
				PRODUCT_NAME = "$(TARGET_NAME)";
				SKIP_INSTALL = YES;
				TARGETED_DEVICE_FAMILY = "1,2";
			};
			name = Release;
		};
/* End XCBuildConfiguration section */

/* Begin XCConfigurationList section */
		218CD0AF213000D900784014 /* Build configuration list for PBXProject "NativePlugin" */ = {
			isa = XCConfigurationList;
			buildConfigurations = (
				218CD0BB213000D900784014 /* Debug */,
				218CD0BC213000D900784014 /* Release */,
			);
			defaultConfigurationIsVisible = 0;
			defaultConfigurationName = Release;
		};
		218CD0BD213000D900784014 /* Build configuration list for PBXNativeTarget "NativePlugin" */ = {
			isa = XCConfigurationList;
			buildConfigurations = (
				218CD0BE213000D900784014 /* Debug */,
				218CD0BF213000D900784014 /* Release */,
			);
			defaultConfigurationIsVisible = 0;
			defaultConfigurationName = Release;
		};
/* End XCConfigurationList section */
	};
	rootObject = 218CD0AC213000D900784014 /* Project object */;
}
